f0425f0a877383943801da0160004896e97caf59d1403f4610ea060d94eb3973
06830f6cb5925bd82cca59bda848f0056666dff046c5382963a997a234da40c5
8740a2731ff9fa1c3aa0c2e0f9fa053c2f2272b2fdf325e045584a7da9fe8ff0
138aecdea57ed5427d07343bd40bdc7495d9309f17b3b9ac74389ccf5150777f
058d9cad80e91eb75f0691b63bce23d630cfefe8d5627cb7ee5b10c7ef6ada8d
88cc77b3ec1b911de3bc94063c88dc0032152deb3f2b855819f6c06e211533e9
1e7fd21b6cf2d89076323475bd5c02f817167d0ec9ee87beadd189c68b61d334
87e3cccbff05792e15b0a1d6bdce69616cfebf1350afe62f461dc5470d6090e0
a6f8a7e2b94c14468df8ba47797dff75127b640181f495de2d17e79e2111e8b5
3e30a7503df5d621dd4c1e6982066dda9dd76773ba3259d42b95fa8cdbf4ebcd
9845e4bae8eba2ebf5bed50857f54835b37eee32c4262d4d5780af62efd163be
929e6006ef98ff4dd1a904b9258a17f88dd00935a618833ef0a867fbca2f786a
2508e512d1d08ea3da2bb7e7b8b9dad2eba01f6e3daad5ddda22072937bf173e
fbd4a4d89ed6669b3e2a7eeace3419365ed46938f2661dec16520735db76172b
8a8e4992f243232b6cdc6ffcf9aa9f84449dd3dbe621503082cdf704de3a6e48
